
Microsoft Visual Studio Solution File, Format Version 12.00
# Visual Studio 15
VisualStudioVersion = 15.0.28307.421
MinimumVisualStudioVersion = 10.0.40219.1
Project("{FAE04EC0-301F-11D3-BF4B-00C04F79EFBC}") = "NPCAnimationManager", "NPCAnimationManager\NPCAnimationManager.csproj", "{89ADEA92-66A5-4207-8C19-1419EC66D30A}"
EndProject
Global
	GlobalSection(SolutionConfigurationPlatforms) = preSolution
		Debug|Any CPU = Debug|Any CPU
		Release|Any CPU = Release|Any CPU
	EndGlobalSection
	GlobalSection(ProjectConfigurationPlatforms) = postSolution
		{89ADEA92-66A5-4207-8C19-1419EC66D30A}.Debug|Any CPU.ActiveCfg = Debug|Any CPU
		{89ADEA92-66A5-4207-8C19-1419EC66D30A}.Debug|Any CPU.Build.0 = Debug|Any CPU
		{89ADEA92-66A5-4207-8C19-1419EC66D30A}.Release|Any CPU.ActiveCfg = Release|Any CPU
		{89ADEA92-66A5-4207-8C19-1419EC66D30A}.Release|Any CPU.Build.0 = Release|Any CPU
	EndGlobalSection
	GlobalSection(SolutionProperties) = preSolution
		HideSolutionNode = FALSE
	EndGlobalSection
	GlobalSection(ExtensibilityGlobals) = postSolution
		SolutionGuid = {E6EEFD0C-9F24-4437-84AE-C65ED45B946A}
	EndGlobalSection
EndGlobal
