
Microsoft Visual Studio Solution File, Format Version 12.00
# Visual Studio 15
VisualStudioVersion = 15.0.26730.8
MinimumVisualStudioVersion = 10.0.40219.1
Project("{FAE04EC0-301F-11D3-BF4B-00C04F79EFBC}") = "NumericalPi", "NumericalPi\NumericalPi.csproj", "{B221C631-4829-4366-BE1A-F5E2D1388299}"
EndProject
Global
	GlobalSection(SolutionConfigurationPlatforms) = preSolution
		Debug|Any CPU = Debug|Any CPU
		Release|Any CPU = Release|Any CPU
	EndGlobalSection
	GlobalSection(ProjectConfigurationPlatforms) = postSolution
		{B221C631-4829-4366-BE1A-F5E2D1388299}.Debug|Any CPU.ActiveCfg = Debug|Any CPU
		{B221C631-4829-4366-BE1A-F5E2D1388299}.Debug|Any CPU.Build.0 = Debug|Any CPU
		{B221C631-4829-4366-BE1A-F5E2D1388299}.Release|Any CPU.ActiveCfg = Release|Any CPU
		{B221C631-4829-4366-BE1A-F5E2D1388299}.Release|Any CPU.Build.0 = Release|Any CPU
	EndGlobalSection
	GlobalSection(SolutionProperties) = preSolution
		HideSolutionNode = FALSE
	EndGlobalSection
	GlobalSection(ExtensibilityGlobals) = postSolution
		SolutionGuid = {E92327B5-BE8E-4E4F-B86F-6136DF9527D8}
	EndGlobalSection
EndGlobal
