
Microsoft Visual Studio Solution File, Format Version 12.00
# Visual Studio 15
VisualStudioVersion = 15.0.28010.2003
MinimumVisualStudioVersion = 10.0.40219.1
Project("{FAE04EC0-301F-11D3-BF4B-00C04F79EFBC}") = "SWCClasses", "SWCClasses\SWCClasses.csproj", "{32A041F8-7857-4EC6-9A9D-AD7B5A9233D4}"
EndProject
Global
	GlobalSection(SolutionConfigurationPlatforms) = preSolution
		Debug|Any CPU = Debug|Any CPU
		Release|Any CPU = Release|Any CPU
	EndGlobalSection
	GlobalSection(ProjectConfigurationPlatforms) = postSolution
		{32A041F8-7857-4EC6-9A9D-AD7B5A9233D4}.Debug|Any CPU.ActiveCfg = Debug|Any CPU
		{32A041F8-7857-4EC6-9A9D-AD7B5A9233D4}.Debug|Any CPU.Build.0 = Debug|Any CPU
		{32A041F8-7857-4EC6-9A9D-AD7B5A9233D4}.Release|Any CPU.ActiveCfg = Release|Any CPU
		{32A041F8-7857-4EC6-9A9D-AD7B5A9233D4}.Release|Any CPU.Build.0 = Release|Any CPU
	EndGlobalSection
	GlobalSection(SolutionProperties) = preSolution
		HideSolutionNode = FALSE
	EndGlobalSection
	GlobalSection(ExtensibilityGlobals) = postSolution
		SolutionGuid = {73605732-5B23-49BE-84B7-8D61D20CD7A4}
	EndGlobalSection
EndGlobal
