
Microsoft Visual Studio Solution File, Format Version 12.00
# Visual Studio 15
VisualStudioVersion = 15.0.28307.136
MinimumVisualStudioVersion = 10.0.40219.1
Project("{FAE04EC0-301F-11D3-BF4B-00C04F79EFBC}") = "BoundingRectangle", "BoundingRectangle\BoundingRectangle.csproj", "{F9A06537-165D-4015-B55B-17C09B4BC46F}"
EndProject
Global
	GlobalSection(SolutionConfigurationPlatforms) = preSolution
		Debug|Any CPU = Debug|Any CPU
		Release|Any CPU = Release|Any CPU
	EndGlobalSection
	GlobalSection(ProjectConfigurationPlatforms) = postSolution
		{F9A06537-165D-4015-B55B-17C09B4BC46F}.Debug|Any CPU.ActiveCfg = Debug|Any CPU
		{F9A06537-165D-4015-B55B-17C09B4BC46F}.Debug|Any CPU.Build.0 = Debug|Any CPU
		{F9A06537-165D-4015-B55B-17C09B4BC46F}.Release|Any CPU.ActiveCfg = Release|Any CPU
		{F9A06537-165D-4015-B55B-17C09B4BC46F}.Release|Any CPU.Build.0 = Release|Any CPU
	EndGlobalSection
	GlobalSection(SolutionProperties) = preSolution
		HideSolutionNode = FALSE
	EndGlobalSection
	GlobalSection(ExtensibilityGlobals) = postSolution
		SolutionGuid = {4C8125EB-395A-4F73-BBEE-5D7EF6B9B0F6}
	EndGlobalSection
EndGlobal
