
Microsoft Visual Studio Solution File, Format Version 12.00
# Visual Studio 15
VisualStudioVersion = 15.0.28307.271
MinimumVisualStudioVersion = 10.0.40219.1
Project("{FAE04EC0-301F-11D3-BF4B-00C04F79EFBC}") = "ASWCClassroomDay0", "ASWCClassroomDay0\ASWCClassroomDay0.csproj", "{D42883FB-EB1E-45D7-AA1A-4DE3F32EC477}"
EndProject
Global
	GlobalSection(SolutionConfigurationPlatforms) = preSolution
		Debug|Any CPU = Debug|Any CPU
		Release|Any CPU = Release|Any CPU
	EndGlobalSection
	GlobalSection(ProjectConfigurationPlatforms) = postSolution
		{D42883FB-EB1E-45D7-AA1A-4DE3F32EC477}.Debug|Any CPU.ActiveCfg = Debug|Any CPU
		{D42883FB-EB1E-45D7-AA1A-4DE3F32EC477}.Debug|Any CPU.Build.0 = Debug|Any CPU
		{D42883FB-EB1E-45D7-AA1A-4DE3F32EC477}.Release|Any CPU.ActiveCfg = Release|Any CPU
		{D42883FB-EB1E-45D7-AA1A-4DE3F32EC477}.Release|Any CPU.Build.0 = Release|Any CPU
	EndGlobalSection
	GlobalSection(SolutionProperties) = preSolution
		HideSolutionNode = FALSE
	EndGlobalSection
	GlobalSection(ExtensibilityGlobals) = postSolution
		SolutionGuid = {244806CB-66F4-43E1-A77B-C1D9D130EDD6}
	EndGlobalSection
EndGlobal
