
Microsoft Visual Studio Solution File, Format Version 12.00
# Visual Studio 15
VisualStudioVersion = 15.0.26430.16
MinimumVisualStudioVersion = 10.0.40219.1
Project("{FAE04EC0-301F-11D3-BF4B-00C04F79EFBC}") = "StockTrade", "StockTrade\StockTrade.csproj", "{813FC109-6079-45DC-A110-0080BA26C0ED}"
EndProject
Global
	GlobalSection(SolutionConfigurationPlatforms) = preSolution
		Debug|Any CPU = Debug|Any CPU
		Release|Any CPU = Release|Any CPU
	EndGlobalSection
	GlobalSection(ProjectConfigurationPlatforms) = postSolution
		{813FC109-6079-45DC-A110-0080BA26C0ED}.Debug|Any CPU.ActiveCfg = Debug|Any CPU
		{813FC109-6079-45DC-A110-0080BA26C0ED}.Debug|Any CPU.Build.0 = Debug|Any CPU
		{813FC109-6079-45DC-A110-0080BA26C0ED}.Release|Any CPU.ActiveCfg = Release|Any CPU
		{813FC109-6079-45DC-A110-0080BA26C0ED}.Release|Any CPU.Build.0 = Release|Any CPU
	EndGlobalSection
	GlobalSection(SolutionProperties) = preSolution
		HideSolutionNode = FALSE
	EndGlobalSection
EndGlobal
