
Microsoft Visual Studio Solution File, Format Version 12.00
# Visual Studio 15
VisualStudioVersion = 15.0.26430.16
MinimumVisualStudioVersion = 10.0.40219.1
Project("{FAE04EC0-301F-11D3-BF4B-00C04F79EFBC}") = "UnitTest01", "UnitTest01\UnitTest01.csproj", "{94E64257-EA2F-4FF7-BAE6-BB3E042E2101}"
EndProject
Project("{FAE04EC0-301F-11D3-BF4B-00C04F79EFBC}") = "UnitTest01Test1", "UnitTest01Test1\UnitTest01Test1.csproj", "{C5FC8A43-40A3-426A-80F0-BCFA0E7E340F}"
EndProject
Global
	GlobalSection(SolutionConfigurationPlatforms) = preSolution
		Debug|Any CPU = Debug|Any CPU
		Release|Any CPU = Release|Any CPU
	EndGlobalSection
	GlobalSection(ProjectConfigurationPlatforms) = postSolution
		{94E64257-EA2F-4FF7-BAE6-BB3E042E2101}.Debug|Any CPU.ActiveCfg = Debug|Any CPU
		{94E64257-EA2F-4FF7-BAE6-BB3E042E2101}.Debug|Any CPU.Build.0 = Debug|Any CPU
		{94E64257-EA2F-4FF7-BAE6-BB3E042E2101}.Release|Any CPU.ActiveCfg = Release|Any CPU
		{94E64257-EA2F-4FF7-BAE6-BB3E042E2101}.Release|Any CPU.Build.0 = Release|Any CPU
		{C5FC8A43-40A3-426A-80F0-BCFA0E7E340F}.Debug|Any CPU.ActiveCfg = Debug|Any CPU
		{C5FC8A43-40A3-426A-80F0-BCFA0E7E340F}.Debug|Any CPU.Build.0 = Debug|Any CPU
		{C5FC8A43-40A3-426A-80F0-BCFA0E7E340F}.Release|Any CPU.ActiveCfg = Release|Any CPU
		{C5FC8A43-40A3-426A-80F0-BCFA0E7E340F}.Release|Any CPU.Build.0 = Release|Any CPU
	EndGlobalSection
	GlobalSection(SolutionProperties) = preSolution
		HideSolutionNode = FALSE
	EndGlobalSection
EndGlobal
