
Microsoft Visual Studio Solution File, Format Version 12.00
# Visual Studio 15
VisualStudioVersion = 15.0.27130.2027
MinimumVisualStudioVersion = 10.0.40219.1
Project("{FAE04EC0-301F-11D3-BF4B-00C04F79EFBC}") = "CryptoCrownLib", "CryptoCrownLib\CryptoCrownLib.csproj", "{E8EA51BA-7481-415F-B3D8-7F5192FD403B}"
EndProject
Global
	GlobalSection(SolutionConfigurationPlatforms) = preSolution
		Debug|Any CPU = Debug|Any CPU
		Release|Any CPU = Release|Any CPU
	EndGlobalSection
	GlobalSection(ProjectConfigurationPlatforms) = postSolution
		{E8EA51BA-7481-415F-B3D8-7F5192FD403B}.Debug|Any CPU.ActiveCfg = Debug|Any CPU
		{E8EA51BA-7481-415F-B3D8-7F5192FD403B}.Debug|Any CPU.Build.0 = Debug|Any CPU
		{E8EA51BA-7481-415F-B3D8-7F5192FD403B}.Release|Any CPU.ActiveCfg = Release|Any CPU
		{E8EA51BA-7481-415F-B3D8-7F5192FD403B}.Release|Any CPU.Build.0 = Release|Any CPU
	EndGlobalSection
	GlobalSection(SolutionProperties) = preSolution
		HideSolutionNode = FALSE
	EndGlobalSection
	GlobalSection(ExtensibilityGlobals) = postSolution
		SolutionGuid = {3DF5314F-E263-46DC-8688-21E68964FBD4}
	EndGlobalSection
EndGlobal
