
Microsoft Visual Studio Solution File, Format Version 12.00
# Visual Studio 15
VisualStudioVersion = 15.0.28307.421
MinimumVisualStudioVersion = 10.0.40219.1
Project("{FAE04EC0-301F-11D3-BF4B-00C04F79EFBC}") = "ShapesCompare", "ShapesCompare\ShapesCompare.csproj", "{34BCBBB4-C0AD-411F-BE5F-697EC55A5A6B}"
EndProject
Global
	GlobalSection(SolutionConfigurationPlatforms) = preSolution
		Debug|Any CPU = Debug|Any CPU
		Release|Any CPU = Release|Any CPU
	EndGlobalSection
	GlobalSection(ProjectConfigurationPlatforms) = postSolution
		{34BCBBB4-C0AD-411F-BE5F-697EC55A5A6B}.Debug|Any CPU.ActiveCfg = Debug|Any CPU
		{34BCBBB4-C0AD-411F-BE5F-697EC55A5A6B}.Debug|Any CPU.Build.0 = Debug|Any CPU
		{34BCBBB4-C0AD-411F-BE5F-697EC55A5A6B}.Release|Any CPU.ActiveCfg = Release|Any CPU
		{34BCBBB4-C0AD-411F-BE5F-697EC55A5A6B}.Release|Any CPU.Build.0 = Release|Any CPU
	EndGlobalSection
	GlobalSection(SolutionProperties) = preSolution
		HideSolutionNode = FALSE
	EndGlobalSection
	GlobalSection(ExtensibilityGlobals) = postSolution
		SolutionGuid = {078A99DB-7C4C-44E6-9A98-42590F1CEFF0}
	EndGlobalSection
EndGlobal
