
Microsoft Visual Studio Solution File, Format Version 12.00
# Visual Studio 15
VisualStudioVersion = 15.0.28307.329
MinimumVisualStudioVersion = 10.0.40219.1
Project("{FAE04EC0-301F-11D3-BF4B-00C04F79EFBC}") = "ASWCClassroomDay2", "ASWCClassroomDay2\ASWCClassroomDay2.csproj", "{AF3D7A63-7E74-481D-94A3-9B19DEE31E82}"
EndProject
Global
	GlobalSection(SolutionConfigurationPlatforms) = preSolution
		Debug|Any CPU = Debug|Any CPU
		Release|Any CPU = Release|Any CPU
	EndGlobalSection
	GlobalSection(ProjectConfigurationPlatforms) = postSolution
		{AF3D7A63-7E74-481D-94A3-9B19DEE31E82}.Debug|Any CPU.ActiveCfg = Debug|Any CPU
		{AF3D7A63-7E74-481D-94A3-9B19DEE31E82}.Debug|Any CPU.Build.0 = Debug|Any CPU
		{AF3D7A63-7E74-481D-94A3-9B19DEE31E82}.Release|Any CPU.ActiveCfg = Release|Any CPU
		{AF3D7A63-7E74-481D-94A3-9B19DEE31E82}.Release|Any CPU.Build.0 = Release|Any CPU
	EndGlobalSection
	GlobalSection(SolutionProperties) = preSolution
		HideSolutionNode = FALSE
	EndGlobalSection
	GlobalSection(ExtensibilityGlobals) = postSolution
		SolutionGuid = {46F45F63-526B-4728-A30B-CDB688D7D7EF}
	EndGlobalSection
EndGlobal
