
Microsoft Visual Studio Solution File, Format Version 12.00
# Visual Studio 15
VisualStudioVersion = 15.0.28307.136
MinimumVisualStudioVersion = 10.0.40219.1
Project("{FAE04EC0-301F-11D3-BF4B-00C04F79EFBC}") = "ReportTool", "ReportTool\ReportTool.csproj", "{3D51CC36-5C77-403C-964E-A00678CF614B}"
EndProject
Global
	GlobalSection(SolutionConfigurationPlatforms) = preSolution
		Debug|Any CPU = Debug|Any CPU
		Release|Any CPU = Release|Any CPU
	EndGlobalSection
	GlobalSection(ProjectConfigurationPlatforms) = postSolution
		{3D51CC36-5C77-403C-964E-A00678CF614B}.Debug|Any CPU.ActiveCfg = Debug|Any CPU
		{3D51CC36-5C77-403C-964E-A00678CF614B}.Debug|Any CPU.Build.0 = Debug|Any CPU
		{3D51CC36-5C77-403C-964E-A00678CF614B}.Release|Any CPU.ActiveCfg = Release|Any CPU
		{3D51CC36-5C77-403C-964E-A00678CF614B}.Release|Any CPU.Build.0 = Release|Any CPU
	EndGlobalSection
	GlobalSection(SolutionProperties) = preSolution
		HideSolutionNode = FALSE
	EndGlobalSection
	GlobalSection(ExtensibilityGlobals) = postSolution
		SolutionGuid = {79C5F5D1-C61F-4C18-B302-F162218D7BD3}
	EndGlobalSection
EndGlobal
