
Microsoft Visual Studio Solution File, Format Version 12.00
# Visual Studio 15
VisualStudioVersion = 15.0.26730.16
MinimumVisualStudioVersion = 10.0.40219.1
Project("{FAE04EC0-301F-11D3-BF4B-00C04F79EFBC}") = "WebShopV10", "WebShopV10\WebShopV10.csproj", "{D588C160-E432-466E-AD1B-46EA643161D1}"
EndProject
Project("{FAE04EC0-301F-11D3-BF4B-00C04F79EFBC}") = "UnitTestProject", "UnitTestProject\UnitTestProject.csproj", "{55276947-B090-42F4-B9E8-E2CB5E44044E}"
EndProject
Global
	GlobalSection(SolutionConfigurationPlatforms) = preSolution
		Debug|Any CPU = Debug|Any CPU
		Release|Any CPU = Release|Any CPU
	EndGlobalSection
	GlobalSection(ProjectConfigurationPlatforms) = postSolution
		{D588C160-E432-466E-AD1B-46EA643161D1}.Debug|Any CPU.ActiveCfg = Debug|Any CPU
		{D588C160-E432-466E-AD1B-46EA643161D1}.Debug|Any CPU.Build.0 = Debug|Any CPU
		{D588C160-E432-466E-AD1B-46EA643161D1}.Release|Any CPU.ActiveCfg = Release|Any CPU
		{D588C160-E432-466E-AD1B-46EA643161D1}.Release|Any CPU.Build.0 = Release|Any CPU
		{55276947-B090-42F4-B9E8-E2CB5E44044E}.Debug|Any CPU.ActiveCfg = Debug|Any CPU
		{55276947-B090-42F4-B9E8-E2CB5E44044E}.Debug|Any CPU.Build.0 = Debug|Any CPU
		{55276947-B090-42F4-B9E8-E2CB5E44044E}.Release|Any CPU.ActiveCfg = Release|Any CPU
		{55276947-B090-42F4-B9E8-E2CB5E44044E}.Release|Any CPU.Build.0 = Release|Any CPU
	EndGlobalSection
	GlobalSection(SolutionProperties) = preSolution
		HideSolutionNode = FALSE
	EndGlobalSection
	GlobalSection(ExtensibilityGlobals) = postSolution
		SolutionGuid = {38055215-C904-421D-B19A-FF017DDE9F53}
	EndGlobalSection
EndGlobal
