
Microsoft Visual Studio Solution File, Format Version 12.00
# Visual Studio 15
VisualStudioVersion = 15.0.28307.329
MinimumVisualStudioVersion = 10.0.40219.1
Project("{FAE04EC0-301F-11D3-BF4B-00C04F79EFBC}") = "ASWCClassroomDay3", "ASWCClassroomDay3\ASWCClassroomDay3.csproj", "{ECBCF37B-A6B9-4745-958F-E404265DA6BC}"
EndProject
Global
	GlobalSection(SolutionConfigurationPlatforms) = preSolution
		Debug|Any CPU = Debug|Any CPU
		Release|Any CPU = Release|Any CPU
	EndGlobalSection
	GlobalSection(ProjectConfigurationPlatforms) = postSolution
		{ECBCF37B-A6B9-4745-958F-E404265DA6BC}.Debug|Any CPU.ActiveCfg = Debug|Any CPU
		{ECBCF37B-A6B9-4745-958F-E404265DA6BC}.Debug|Any CPU.Build.0 = Debug|Any CPU
		{ECBCF37B-A6B9-4745-958F-E404265DA6BC}.Release|Any CPU.ActiveCfg = Release|Any CPU
		{ECBCF37B-A6B9-4745-958F-E404265DA6BC}.Release|Any CPU.Build.0 = Release|Any CPU
	EndGlobalSection
	GlobalSection(SolutionProperties) = preSolution
		HideSolutionNode = FALSE
	EndGlobalSection
	GlobalSection(ExtensibilityGlobals) = postSolution
		SolutionGuid = {174718A0-2A0E-4549-86A6-D8545B345872}
	EndGlobalSection
EndGlobal
