
Microsoft Visual Studio Solution File, Format Version 12.00
# Visual Studio 15
VisualStudioVersion = 15.0.27428.2015
MinimumVisualStudioVersion = 10.0.40219.1
Project("{FAE04EC0-301F-11D3-BF4B-00C04F79EFBC}") = "PvPSimulator", "PvPSimulator\PvPSimulator.csproj", "{71A9209F-AD81-4D82-BA79-AE701C3D0A4B}"
EndProject
Global
	GlobalSection(SolutionConfigurationPlatforms) = preSolution
		Debug|ARM = Debug|ARM
		Debug|x64 = Debug|x64
		Debug|x86 = Debug|x86
		Release|ARM = Release|ARM
		Release|x64 = Release|x64
		Release|x86 = Release|x86
	EndGlobalSection
	GlobalSection(ProjectConfigurationPlatforms) = postSolution
		{71A9209F-AD81-4D82-BA79-AE701C3D0A4B}.Debug|ARM.ActiveCfg = Debug|ARM
		{71A9209F-AD81-4D82-BA79-AE701C3D0A4B}.Debug|ARM.Build.0 = Debug|ARM
		{71A9209F-AD81-4D82-BA79-AE701C3D0A4B}.Debug|ARM.Deploy.0 = Debug|ARM
		{71A9209F-AD81-4D82-BA79-AE701C3D0A4B}.Debug|x64.ActiveCfg = Debug|x64
		{71A9209F-AD81-4D82-BA79-AE701C3D0A4B}.Debug|x64.Build.0 = Debug|x64
		{71A9209F-AD81-4D82-BA79-AE701C3D0A4B}.Debug|x64.Deploy.0 = Debug|x64
		{71A9209F-AD81-4D82-BA79-AE701C3D0A4B}.Debug|x86.ActiveCfg = Debug|x86
		{71A9209F-AD81-4D82-BA79-AE701C3D0A4B}.Debug|x86.Build.0 = Debug|x86
		{71A9209F-AD81-4D82-BA79-AE701C3D0A4B}.Debug|x86.Deploy.0 = Debug|x86
		{71A9209F-AD81-4D82-BA79-AE701C3D0A4B}.Release|ARM.ActiveCfg = Release|ARM
		{71A9209F-AD81-4D82-BA79-AE701C3D0A4B}.Release|ARM.Build.0 = Release|ARM
		{71A9209F-AD81-4D82-BA79-AE701C3D0A4B}.Release|ARM.Deploy.0 = Release|ARM
		{71A9209F-AD81-4D82-BA79-AE701C3D0A4B}.Release|x64.ActiveCfg = Release|x64
		{71A9209F-AD81-4D82-BA79-AE701C3D0A4B}.Release|x64.Build.0 = Release|x64
		{71A9209F-AD81-4D82-BA79-AE701C3D0A4B}.Release|x64.Deploy.0 = Release|x64
		{71A9209F-AD81-4D82-BA79-AE701C3D0A4B}.Release|x86.ActiveCfg = Release|x86
		{71A9209F-AD81-4D82-BA79-AE701C3D0A4B}.Release|x86.Build.0 = Release|x86
		{71A9209F-AD81-4D82-BA79-AE701C3D0A4B}.Release|x86.Deploy.0 = Release|x86
	EndGlobalSection
	GlobalSection(SolutionProperties) = preSolution
		HideSolutionNode = FALSE
	EndGlobalSection
	GlobalSection(ExtensibilityGlobals) = postSolution
		SolutionGuid = {4C61D706-20BE-4F30-963C-FBB01E154488}
	EndGlobalSection
EndGlobal
