
Microsoft Visual Studio Solution File, Format Version 12.00
# Visual Studio 14
VisualStudioVersion = 14.0.25420.1
MinimumVisualStudioVersion = 10.0.40219.1
Project("{FAE04EC0-301F-11D3-BF4B-00C04F79EFBC}") = "BankV10", "BankV10\BankV10.csproj", "{72B94745-E205-41AB-BD95-51E74BCCD064}"
EndProject
Global
	GlobalSection(SolutionConfigurationPlatforms) = preSolution
		Debug|Any CPU = Debug|Any CPU
		Release|Any CPU = Release|Any CPU
	EndGlobalSection
	GlobalSection(ProjectConfigurationPlatforms) = postSolution
		{72B94745-E205-41AB-BD95-51E74BCCD064}.Debug|Any CPU.ActiveCfg = Debug|Any CPU
		{72B94745-E205-41AB-BD95-51E74BCCD064}.Debug|Any CPU.Build.0 = Debug|Any CPU
		{72B94745-E205-41AB-BD95-51E74BCCD064}.Release|Any CPU.ActiveCfg = Release|Any CPU
		{72B94745-E205-41AB-BD95-51E74BCCD064}.Release|Any CPU.Build.0 = Release|Any CPU
	EndGlobalSection
	GlobalSection(SolutionProperties) = preSolution
		HideSolutionNode = FALSE
	EndGlobalSection
EndGlobal
