
Microsoft Visual Studio Solution File, Format Version 12.00
# Visual Studio 15
VisualStudioVersion = 15.0.27428.2015
MinimumVisualStudioVersion = 10.0.40219.1
Project("{FAE04EC0-301F-11D3-BF4B-00C04F79EFBC}") = "DataAccess", "DataAccess\DataAccess.csproj", "{FADB5CE7-32C0-49E5-A5F4-9F33F5A5108C}"
EndProject
Global
	GlobalSection(SolutionConfigurationPlatforms) = preSolution
		Debug|Any CPU = Debug|Any CPU
		Release|Any CPU = Release|Any CPU
	EndGlobalSection
	GlobalSection(ProjectConfigurationPlatforms) = postSolution
		{FADB5CE7-32C0-49E5-A5F4-9F33F5A5108C}.Debug|Any CPU.ActiveCfg = Debug|Any CPU
		{FADB5CE7-32C0-49E5-A5F4-9F33F5A5108C}.Debug|Any CPU.Build.0 = Debug|Any CPU
		{FADB5CE7-32C0-49E5-A5F4-9F33F5A5108C}.Release|Any CPU.ActiveCfg = Release|Any CPU
		{FADB5CE7-32C0-49E5-A5F4-9F33F5A5108C}.Release|Any CPU.Build.0 = Release|Any CPU
	EndGlobalSection
	GlobalSection(SolutionProperties) = preSolution
		HideSolutionNode = FALSE
	EndGlobalSection
	GlobalSection(ExtensibilityGlobals) = postSolution
		SolutionGuid = {4F0E0500-1F22-4410-8EE1-FB03047857EC}
	EndGlobalSection
EndGlobal
