
Microsoft Visual Studio Solution File, Format Version 12.00
# Visual Studio 15
VisualStudioVersion = 15.0.27428.2015
MinimumVisualStudioVersion = 10.0.40219.1
Project("{FAE04EC0-301F-11D3-BF4B-00C04F79EFBC}") = "CalculationProxy", "CalculationProxy\CalculationProxy.csproj", "{7188D995-C64E-41B2-B04E-E0ED668C0BF5}"
EndProject
Global
	GlobalSection(SolutionConfigurationPlatforms) = preSolution
		Debug|Any CPU = Debug|Any CPU
		Release|Any CPU = Release|Any CPU
	EndGlobalSection
	GlobalSection(ProjectConfigurationPlatforms) = postSolution
		{7188D995-C64E-41B2-B04E-E0ED668C0BF5}.Debug|Any CPU.ActiveCfg = Debug|Any CPU
		{7188D995-C64E-41B2-B04E-E0ED668C0BF5}.Debug|Any CPU.Build.0 = Debug|Any CPU
		{7188D995-C64E-41B2-B04E-E0ED668C0BF5}.Release|Any CPU.ActiveCfg = Release|Any CPU
		{7188D995-C64E-41B2-B04E-E0ED668C0BF5}.Release|Any CPU.Build.0 = Release|Any CPU
	EndGlobalSection
	GlobalSection(SolutionProperties) = preSolution
		HideSolutionNode = FALSE
	EndGlobalSection
	GlobalSection(ExtensibilityGlobals) = postSolution
		SolutionGuid = {5992C335-1E91-42C9-A881-2EDBC00D6E32}
	EndGlobalSection
EndGlobal
