
Microsoft Visual Studio Solution File, Format Version 12.00
# Visual Studio 15
VisualStudioVersion = 15.0.27130.2026
MinimumVisualStudioVersion = 10.0.40219.1
Project("{FAE04EC0-301F-11D3-BF4B-00C04F79EFBC}") = "GenericCatalog", "GenericCatalog\GenericCatalog.csproj", "{6FEEE786-6687-4D8D-A0AA-F816FE99AD7B}"
EndProject
Global
	GlobalSection(SolutionConfigurationPlatforms) = preSolution
		Debug|Any CPU = Debug|Any CPU
		Release|Any CPU = Release|Any CPU
	EndGlobalSection
	GlobalSection(ProjectConfigurationPlatforms) = postSolution
		{6FEEE786-6687-4D8D-A0AA-F816FE99AD7B}.Debug|Any CPU.ActiveCfg = Debug|Any CPU
		{6FEEE786-6687-4D8D-A0AA-F816FE99AD7B}.Debug|Any CPU.Build.0 = Debug|Any CPU
		{6FEEE786-6687-4D8D-A0AA-F816FE99AD7B}.Release|Any CPU.ActiveCfg = Release|Any CPU
		{6FEEE786-6687-4D8D-A0AA-F816FE99AD7B}.Release|Any CPU.Build.0 = Release|Any CPU
	EndGlobalSection
	GlobalSection(SolutionProperties) = preSolution
		HideSolutionNode = FALSE
	EndGlobalSection
	GlobalSection(ExtensibilityGlobals) = postSolution
		SolutionGuid = {B24529DE-DF8C-47B7-95DB-437C383EA30B}
	EndGlobalSection
EndGlobal
