
Microsoft Visual Studio Solution File, Format Version 12.00
# Visual Studio 15
VisualStudioVersion = 15.0.28307.329
MinimumVisualStudioVersion = 10.0.40219.1
Project("{FAE04EC0-301F-11D3-BF4B-00C04F79EFBC}") = "ASWCClassroomDay1", "ASWCClassroomDay1\ASWCClassroomDay1.csproj", "{DDC72CD1-8227-414E-B2D8-6A19B5CF6627}"
EndProject
Global
	GlobalSection(SolutionConfigurationPlatforms) = preSolution
		Debug|Any CPU = Debug|Any CPU
		Release|Any CPU = Release|Any CPU
	EndGlobalSection
	GlobalSection(ProjectConfigurationPlatforms) = postSolution
		{DDC72CD1-8227-414E-B2D8-6A19B5CF6627}.Debug|Any CPU.ActiveCfg = Debug|Any CPU
		{DDC72CD1-8227-414E-B2D8-6A19B5CF6627}.Debug|Any CPU.Build.0 = Debug|Any CPU
		{DDC72CD1-8227-414E-B2D8-6A19B5CF6627}.Release|Any CPU.ActiveCfg = Release|Any CPU
		{DDC72CD1-8227-414E-B2D8-6A19B5CF6627}.Release|Any CPU.Build.0 = Release|Any CPU
	EndGlobalSection
	GlobalSection(SolutionProperties) = preSolution
		HideSolutionNode = FALSE
	EndGlobalSection
	GlobalSection(ExtensibilityGlobals) = postSolution
		SolutionGuid = {CC274F7E-8B66-4FC6-B953-C3DE642FED7A}
	EndGlobalSection
EndGlobal
