
Microsoft Visual Studio Solution File, Format Version 12.00
# Visual Studio 15
VisualStudioVersion = 15.0.28306.52
MinimumVisualStudioVersion = 10.0.40219.1
Project("{FAE04EC0-301F-11D3-BF4B-00C04F79EFBC}") = "EFToolsDemo23NOV", "EFToolsDemo23NOV\EFToolsDemo23NOV.csproj", "{F2292013-C4C2-4893-A9FB-583DA63B580A}"
EndProject
Global
	GlobalSection(SolutionConfigurationPlatforms) = preSolution
		Debug|Any CPU = Debug|Any CPU
		Release|Any CPU = Release|Any CPU
	EndGlobalSection
	GlobalSection(ProjectConfigurationPlatforms) = postSolution
		{F2292013-C4C2-4893-A9FB-583DA63B580A}.Debug|Any CPU.ActiveCfg = Debug|Any CPU
		{F2292013-C4C2-4893-A9FB-583DA63B580A}.Debug|Any CPU.Build.0 = Debug|Any CPU
		{F2292013-C4C2-4893-A9FB-583DA63B580A}.Release|Any CPU.ActiveCfg = Release|Any CPU
		{F2292013-C4C2-4893-A9FB-583DA63B580A}.Release|Any CPU.Build.0 = Release|Any CPU
	EndGlobalSection
	GlobalSection(SolutionProperties) = preSolution
		HideSolutionNode = FALSE
	EndGlobalSection
	GlobalSection(ExtensibilityGlobals) = postSolution
		SolutionGuid = {03586028-234D-4427-B54B-31B26278AE9E}
	EndGlobalSection
EndGlobal
