
Microsoft Visual Studio Solution File, Format Version 12.00
# Visual Studio 14
VisualStudioVersion = 14.0.25420.1
MinimumVisualStudioVersion = 10.0.40219.1
Project("{FAE04EC0-301F-11D3-BF4B-00C04F79EFBC}") = "RolePlayV10", "RolePlayV10\RolePlayV10.csproj", "{F978B417-57FB-4804-A447-2493BED588E9}"
EndProject
Global
	GlobalSection(SolutionConfigurationPlatforms) = preSolution
		Debug|Any CPU = Debug|Any CPU
		Release|Any CPU = Release|Any CPU
	EndGlobalSection
	GlobalSection(ProjectConfigurationPlatforms) = postSolution
		{F978B417-57FB-4804-A447-2493BED588E9}.Debug|Any CPU.ActiveCfg = Debug|Any CPU
		{F978B417-57FB-4804-A447-2493BED588E9}.Debug|Any CPU.Build.0 = Debug|Any CPU
		{F978B417-57FB-4804-A447-2493BED588E9}.Release|Any CPU.ActiveCfg = Release|Any CPU
		{F978B417-57FB-4804-A447-2493BED588E9}.Release|Any CPU.Build.0 = Release|Any CPU
	EndGlobalSection
	GlobalSection(SolutionProperties) = preSolution
		HideSolutionNode = FALSE
	EndGlobalSection
EndGlobal
