
Microsoft Visual Studio Solution File, Format Version 12.00
# Visual Studio 15
VisualStudioVersion = 15.0.26730.8
MinimumVisualStudioVersion = 10.0.40219.1
Project("{FAE04EC0-301F-11D3-BF4B-00C04F79EFBC}") = "RepetitionExercises", "RepetitionExercises\RepetitionExercises.csproj", "{16C2DA9D-EC56-4170-B6F2-56E9B75041D0}"
EndProject
Global
	GlobalSection(SolutionConfigurationPlatforms) = preSolution
		Debug|Any CPU = Debug|Any CPU
		Release|Any CPU = Release|Any CPU
	EndGlobalSection
	GlobalSection(ProjectConfigurationPlatforms) = postSolution
		{16C2DA9D-EC56-4170-B6F2-56E9B75041D0}.Debug|Any CPU.ActiveCfg = Debug|Any CPU
		{16C2DA9D-EC56-4170-B6F2-56E9B75041D0}.Debug|Any CPU.Build.0 = Debug|Any CPU
		{16C2DA9D-EC56-4170-B6F2-56E9B75041D0}.Release|Any CPU.ActiveCfg = Release|Any CPU
		{16C2DA9D-EC56-4170-B6F2-56E9B75041D0}.Release|Any CPU.Build.0 = Release|Any CPU
	EndGlobalSection
	GlobalSection(SolutionProperties) = preSolution
		HideSolutionNode = FALSE
	EndGlobalSection
	GlobalSection(ExtensibilityGlobals) = postSolution
		SolutionGuid = {66B45F8E-7BA3-4DC3-9E39-E2E7E0810B69}
	EndGlobalSection
EndGlobal
