
Microsoft Visual Studio Solution File, Format Version 12.00
# Visual Studio 15
VisualStudioVersion = 15.0.27004.2006
MinimumVisualStudioVersion = 10.0.40219.1
Project("{FAE04EC0-301F-11D3-BF4B-00C04F79EFBC}") = "AzureCarRetailDBWebService", "AzureCarRetailDBWebService\AzureCarRetailDBWebService.csproj", "{B64B50D8-D969-4E69-A2C3-069F4E25E356}"
EndProject
Project("{FAE04EC0-301F-11D3-BF4B-00C04F79EFBC}") = "ConsoleClient", "ConsoleClient\ConsoleClient.csproj", "{4765A60C-87ED-4898-8B15-C636C773FC87}"
EndProject
Global
	GlobalSection(SolutionConfigurationPlatforms) = preSolution
		Debug|Any CPU = Debug|Any CPU
		Release|Any CPU = Release|Any CPU
	EndGlobalSection
	GlobalSection(ProjectConfigurationPlatforms) = postSolution
		{B64B50D8-D969-4E69-A2C3-069F4E25E356}.Debug|Any CPU.ActiveCfg = Debug|Any CPU
		{B64B50D8-D969-4E69-A2C3-069F4E25E356}.Debug|Any CPU.Build.0 = Debug|Any CPU
		{B64B50D8-D969-4E69-A2C3-069F4E25E356}.Release|Any CPU.ActiveCfg = Release|Any CPU
		{B64B50D8-D969-4E69-A2C3-069F4E25E356}.Release|Any CPU.Build.0 = Release|Any CPU
		{4765A60C-87ED-4898-8B15-C636C773FC87}.Debug|Any CPU.ActiveCfg = Debug|Any CPU
		{4765A60C-87ED-4898-8B15-C636C773FC87}.Debug|Any CPU.Build.0 = Debug|Any CPU
		{4765A60C-87ED-4898-8B15-C636C773FC87}.Release|Any CPU.ActiveCfg = Release|Any CPU
		{4765A60C-87ED-4898-8B15-C636C773FC87}.Release|Any CPU.Build.0 = Release|Any CPU
	EndGlobalSection
	GlobalSection(SolutionProperties) = preSolution
		HideSolutionNode = FALSE
	EndGlobalSection
	GlobalSection(ExtensibilityGlobals) = postSolution
		SolutionGuid = {D00228D3-A85F-47F2-86B2-49440F27A686}
	EndGlobalSection
EndGlobal
