
Microsoft Visual Studio Solution File, Format Version 12.00
# Visual Studio 15
VisualStudioVersion = 15.0.26730.8
MinimumVisualStudioVersion = 10.0.40219.1
Project("{FAE04EC0-301F-11D3-BF4B-00C04F79EFBC}") = "ProducerConsumer", "ProducerConsumer\ProducerConsumer.csproj", "{A4E9B245-2D9B-4D9C-A942-86CAA0EDB0EB}"
EndProject
Global
	GlobalSection(SolutionConfigurationPlatforms) = preSolution
		Debug|Any CPU = Debug|Any CPU
		Release|Any CPU = Release|Any CPU
	EndGlobalSection
	GlobalSection(ProjectConfigurationPlatforms) = postSolution
		{A4E9B245-2D9B-4D9C-A942-86CAA0EDB0EB}.Debug|Any CPU.ActiveCfg = Debug|Any CPU
		{A4E9B245-2D9B-4D9C-A942-86CAA0EDB0EB}.Debug|Any CPU.Build.0 = Debug|Any CPU
		{A4E9B245-2D9B-4D9C-A942-86CAA0EDB0EB}.Release|Any CPU.ActiveCfg = Release|Any CPU
		{A4E9B245-2D9B-4D9C-A942-86CAA0EDB0EB}.Release|Any CPU.Build.0 = Release|Any CPU
	EndGlobalSection
	GlobalSection(SolutionProperties) = preSolution
		HideSolutionNode = FALSE
	EndGlobalSection
	GlobalSection(ExtensibilityGlobals) = postSolution
		SolutionGuid = {54557D5D-0825-4C7E-887B-7B684FFAFFF4}
	EndGlobalSection
EndGlobal
