
Microsoft Visual Studio Solution File, Format Version 12.00
# Visual Studio 15
VisualStudioVersion = 15.0.27130.2027
MinimumVisualStudioVersion = 10.0.40219.1
Project("{FAE04EC0-301F-11D3-BF4B-00C04F79EFBC}") = "RolePlayV12", "RolePlayV12\RolePlayV12.csproj", "{2B51E15E-C96D-49D4-8FB4-A9ED27A6A6C6}"
EndProject
Global
	GlobalSection(SolutionConfigurationPlatforms) = preSolution
		Debug|Any CPU = Debug|Any CPU
		Release|Any CPU = Release|Any CPU
	EndGlobalSection
	GlobalSection(ProjectConfigurationPlatforms) = postSolution
		{2B51E15E-C96D-49D4-8FB4-A9ED27A6A6C6}.Debug|Any CPU.ActiveCfg = Debug|Any CPU
		{2B51E15E-C96D-49D4-8FB4-A9ED27A6A6C6}.Debug|Any CPU.Build.0 = Debug|Any CPU
		{2B51E15E-C96D-49D4-8FB4-A9ED27A6A6C6}.Release|Any CPU.ActiveCfg = Release|Any CPU
		{2B51E15E-C96D-49D4-8FB4-A9ED27A6A6C6}.Release|Any CPU.Build.0 = Release|Any CPU
	EndGlobalSection
	GlobalSection(SolutionProperties) = preSolution
		HideSolutionNode = FALSE
	EndGlobalSection
	GlobalSection(ExtensibilityGlobals) = postSolution
		SolutionGuid = {BA4A9415-3FA6-4FDA-A73A-6B876AB6289E}
	EndGlobalSection
EndGlobal
