
Microsoft Visual Studio Solution File, Format Version 12.00
# Visual Studio 15
VisualStudioVersion = 15.0.26730.16
MinimumVisualStudioVersion = 10.0.40219.1
Project("{FAE04EC0-301F-11D3-BF4B-00C04F79EFBC}") = "LINQHotels", "LINQHotels\LINQHotels.csproj", "{3DEDDF9C-E239-4C1A-9B99-E97963476286}"
EndProject
Global
	GlobalSection(SolutionConfigurationPlatforms) = preSolution
		Debug|Any CPU = Debug|Any CPU
		Release|Any CPU = Release|Any CPU
	EndGlobalSection
	GlobalSection(ProjectConfigurationPlatforms) = postSolution
		{3DEDDF9C-E239-4C1A-9B99-E97963476286}.Debug|Any CPU.ActiveCfg = Debug|Any CPU
		{3DEDDF9C-E239-4C1A-9B99-E97963476286}.Debug|Any CPU.Build.0 = Debug|Any CPU
		{3DEDDF9C-E239-4C1A-9B99-E97963476286}.Release|Any CPU.ActiveCfg = Release|Any CPU
		{3DEDDF9C-E239-4C1A-9B99-E97963476286}.Release|Any CPU.Build.0 = Release|Any CPU
	EndGlobalSection
	GlobalSection(SolutionProperties) = preSolution
		HideSolutionNode = FALSE
	EndGlobalSection
	GlobalSection(ExtensibilityGlobals) = postSolution
		SolutionGuid = {B6D1A9B2-86DF-4FC9-8EB2-01F09C866D84}
	EndGlobalSection
EndGlobal
