
Microsoft Visual Studio Solution File, Format Version 12.00
# Visual Studio 15
VisualStudioVersion = 15.0.28307.329
MinimumVisualStudioVersion = 10.0.40219.1
Project("{FAE04EC0-301F-11D3-BF4B-00C04F79EFBC}") = "ASWCClassroomDay4", "ASWCClassroomDay4\ASWCClassroomDay4.csproj", "{B27B75ED-2DF6-4BDF-AC38-E40216F73E52}"
EndProject
Global
	GlobalSection(SolutionConfigurationPlatforms) = preSolution
		Debug|Any CPU = Debug|Any CPU
		Release|Any CPU = Release|Any CPU
	EndGlobalSection
	GlobalSection(ProjectConfigurationPlatforms) = postSolution
		{B27B75ED-2DF6-4BDF-AC38-E40216F73E52}.Debug|Any CPU.ActiveCfg = Debug|Any CPU
		{B27B75ED-2DF6-4BDF-AC38-E40216F73E52}.Debug|Any CPU.Build.0 = Debug|Any CPU
		{B27B75ED-2DF6-4BDF-AC38-E40216F73E52}.Release|Any CPU.ActiveCfg = Release|Any CPU
		{B27B75ED-2DF6-4BDF-AC38-E40216F73E52}.Release|Any CPU.Build.0 = Release|Any CPU
	EndGlobalSection
	GlobalSection(SolutionProperties) = preSolution
		HideSolutionNode = FALSE
	EndGlobalSection
	GlobalSection(ExtensibilityGlobals) = postSolution
		SolutionGuid = {F5975778-3D8F-42E1-B857-467C012302A9}
	EndGlobalSection
EndGlobal
